{
  "requires": true,
  "lockfileVersion": 1,
  "dependencies": {
    "ngx-countdown-timer": {
      "version": "0.1.9",
      "resolved": "https://registry.npmjs.org/ngx-countdown-timer/-/ngx-countdown-timer-0.1.9.tgz",
      "integrity": "sha512-vdYV6ni8DCmz9UtVbMrBVVAuffZYTioqIXVJBgXnS5xyCA5/TbNN74Mfxw3chrQlYLlpmQeuw9v93lzNrKv4Pw=="
    }
  }
}
